{
  "name": "movies",
  "version": "1.0.0",
  "lockfileVersion": 1,
  "requires": true,
  "dependencies": {
    "fomantic-ui-css": {
      "version": "2.7.8",
      "resolved": "https://registry.npmjs.org/fomantic-ui-css/-/fomantic-ui-css-2.7.8.tgz",
      "integrity": "sha512-oYJczAft5XPjYOxHG2hvQs3/hkNqfbCE9Jw8iC75m2+8Rff9fqQtD0G3UTwVJtS36GsI+Hh9Fc75zXdrBemd4g==",
      "requires": {
        "jquery": "^3.4.0"
      }
    },
    "jquery": {
      "version": "3.5.0",
      "resolved": "https://registry.npmjs.org/jquery/-/jquery-3.5.0.tgz",
      "integrity": "sha512-Xb7SVYMvygPxbFMpTFQiHh1J7HClEaThguL15N/Gg37Lri/qKyhRGZYzHRyLH8Stq3Aow0LsHO2O2ci86fCrNQ=="
    }
  }
}
